{
  "pins" : [
    {
      "identity" : "kingfisher",
      "kind" : "remoteSourceControl",
      "location" : "https://github.com/onevcat/Kingfisher.git",
      "state" : {
        "revision" : "6b1f2bdf056d8d51bc05bc5906e7be750ef51ed2",
        "version" : "5.14.0"
      }
    }
  ],
  "version" : 2
}
