// !$*UTF8*$!
{
	archiveVersion = 1;
	classes = {
	};
	objectVersion = 52;
	objects = {

/* Begin PBXBuildFile section */
		23D0DBBECF4CD9A48588F578 /* Pods_The_Guardian.framework in Frameworks */ = {isa = PBXBuildFile; fileRef = A8A3CF33A93F698CBAD1C52D /* Pods_The_Guardian.framework */; };
		731DF06721D8EC7A00AE560A /* Marat Sans Black Italic.otf in Resources */ = {isa = PBXBuildFile; fileRef = 731DF06621D8EC4800AE560A /* Marat Sans Black Italic.otf */; };
		731DF06821D8EC7A00AE560A /* Marat Sans Black.otf in Resources */ = {isa = PBXBuildFile; fileRef = 731DF06021D8EC4700AE560A /* Marat Sans Black.otf */; };
		731DF06921D8EC7A00AE560A /* Marat Sans Bold Italic.otf in Resources */ = {isa = PBXBuildFile; fileRef = 731DF06121D8EC4800AE560A /* Marat Sans Bold Italic.otf */; };
		731DF06A21D8EC7A00AE560A /* Marat Sans Bold.otf in Resources */ = {isa = PBXBuildFile; fileRef = 731DF05D21D8EC4700AE560A /* Marat Sans Bold.otf */; };
		731DF06B21D8EC7A00AE560A /* Marat Sans DemiBold Italic.otf in Resources */ = {isa = PBXBuildFile; fileRef = 731DF05521D8EC4700AE560A /* Marat Sans DemiBold Italic.otf */; };
		731DF06C21D8EC7A00AE560A /* Marat Sans DemiBold.otf in Resources */ = {isa = PBXBuildFile; fileRef = 731DF05B21D8EC4700AE560A /* Marat Sans DemiBold.otf */; };
		731DF06D21D8EC7A00AE560A /* Marat Sans ExtraBold Italic.otf in Resources */ = {isa = PBXBuildFile; fileRef = 731DF05C21D8EC4700AE560A /* Marat Sans ExtraBold Italic.otf */; };
		731DF06E21D8EC7A00AE560A /* Marat Sans ExtraBold.otf in Resources */ = {isa = PBXBuildFile; fileRef = 731DF06321D8EC4800AE560A /* Marat Sans ExtraBold.otf */; };
		731DF06F21D8EC7A00AE560A /* Marat Sans ExtraLight Italic.otf in Resources */ = {isa = PBXBuildFile; fileRef = 731DF06421D8EC4800AE560A /* Marat Sans ExtraLight Italic.otf */; };
		731DF07021D8EC7A00AE560A /* Marat Sans ExtraLight.otf in Resources */ = {isa = PBXBuildFile; fileRef = 731DF05921D8EC4700AE560A /* Marat Sans ExtraLight.otf */; };
		731DF07121D8EC7A00AE560A /* Marat Sans Italic.otf in Resources */ = {isa = PBXBuildFile; fileRef = 731DF05621D8EC4700AE560A /* Marat Sans Italic.otf */; };
		731DF07221D8EC7A00AE560A /* Marat Sans Light Italic.otf in Resources */ = {isa = PBXBuildFile; fileRef = 731DF05A21D8EC4700AE560A /* Marat Sans Light Italic.otf */; };
		731DF07321D8EC7A00AE560A /* Marat Sans Light.otf in Resources */ = {isa = PBXBuildFile; fileRef = 731DF05821D8EC4700AE560A /* Marat Sans Light.otf */; };
		731DF07421D8EC7A00AE560A /* Marat Sans Medium Italic.otf in Resources */ = {isa = PBXBuildFile; fileRef = 731DF05F21D8EC4700AE560A /* Marat Sans Medium Italic.otf */; };
		731DF07521D8EC7A00AE560A /* Marat Sans Medium.otf in Resources */ = {isa = PBXBuildFile; fileRef = 731DF05E21D8EC4700AE560A /* Marat Sans Medium.otf */; };
		731DF07621D8EC7A00AE560A /* Marat Sans Regular.otf in Resources */ = {isa = PBXBuildFile; fileRef = 731DF06521D8EC4800AE560A /* Marat Sans Regular.otf */; };
		731DF07721D8EC7A00AE560A /* Marat Sans Thin Italic.otf in Resources */ = {isa = PBXBuildFile; fileRef = 731DF06221D8EC4800AE560A /* Marat Sans Thin Italic.otf */; };
		731DF07821D8EC7A00AE560A /* Marat Sans Thin.otf in Resources */ = {isa = PBXBuildFile; fileRef = 731DF05721D8EC4700AE560A /* Marat Sans Thin.otf */; };
		731DF07A21D8F4A100AE560A /* DateFormatterExtension.swift in Sources */ = {isa = PBXBuildFile; fileRef = 731DF07921D8F4A100AE560A /* DateFormatterExtension.swift */; };
		734EE92121D81BD20030535D /* AppDelegate.swift in Sources */ = {isa = PBXBuildFile; fileRef = 734EE92021D81BD20030535D /* AppDelegate.swift */; };
		734EE92621D81BD20030535D /* Main.storyboard in Resources */ = {isa = PBXBuildFile; fileRef = 734EE92421D81BD20030535D /* Main.storyboard */; };
		734EE92821D81BD30030535D /* Assets.xcassets in Resources */ = {isa = PBXBuildFile; fileRef = 734EE92721D81BD30030535D /* Assets.xcassets */; };
		734EE92B21D81BD30030535D /* LaunchScreen.storyboard in Resources */ = {isa = PBXBuildFile; fileRef = 734EE92921D81BD30030535D /* LaunchScreen.storyboard */; };
		734EE94021D81E350030535D /* APIClient.swift in Sources */ = {isa = PBXBuildFile; fileRef = 734EE93F21D81E350030535D /* APIClient.swift */; };
		734EE94421D81EBC0030535D /* Either.swift in Sources */ = {isa = PBXBuildFile; fileRef = 734EE94321D81EBC0030535D /* Either.swift */; };
		734EE94821D821FA0030535D /* Endpoint.swift in Sources */ = {isa = PBXBuildFile; fileRef = 734EE94721D821FA0030535D /* Endpoint.swift */; };
		734EE94A21D822550030535D /* HTTPMethod.swift in Sources */ = {isa = PBXBuildFile; fileRef = 734EE94921D822550030535D /* HTTPMethod.swift */; };
		734EE94D21D823C80030535D /* APIError.swift in Sources */ = {isa = PBXBuildFile; fileRef = 734EE94C21D823C80030535D /* APIError.swift */; };
		734EE95121D824970030535D /* ArticlesEndpoint.swift in Sources */ = {isa = PBXBuildFile; fileRef = 734EE95021D824970030535D /* ArticlesEndpoint.swift */; };
		734EE95321D83DB70030535D /* ArticlesViewController.swift in Sources */ = {isa = PBXBuildFile; fileRef = 734EE95221D83DB70030535D /* ArticlesViewController.swift */; };
		734EE95521D83DE10030535D /* ObjectArticle.swift in Sources */ = {isa = PBXBuildFile; fileRef = 734EE95421D83DE10030535D /* ObjectArticle.swift */; };
		734EE95821D83ECC0030535D /* ArticleTableViewCell.swift in Sources */ = {isa = PBXBuildFile; fileRef = 734EE95721D83ECC0030535D /* ArticleTableViewCell.swift */; };
		734EE95F21D840BF0030535D /* TableViewHandler.swift in Sources */ = {isa = PBXBuildFile; fileRef = 734EE95E21D840BF0030535D /* TableViewHandler.swift */; };
		734EE96321D8450C0030535D /* ArticleCellBuilder.swift in Sources */ = {isa = PBXBuildFile; fileRef = 734EE96221D8450C0030535D /* ArticleCellBuilder.swift */; };
		737A193321D8FD7F00AAD103 /* UIImageViewExtension.swift in Sources */ = {isa = PBXBuildFile; fileRef = 737A193221D8FD7F00AAD103 /* UIImageViewExtension.swift */; };
		737A193621D9549200AAD103 /* ArticleDetailsViewController.swift in Sources */ = {isa = PBXBuildFile; fileRef = 737A193521D9549200AAD103 /* ArticleDetailsViewController.swift */; };
		737A193821D96E2C00AAD103 /* CollectionViewHandler.swift in Sources */ = {isa = PBXBuildFile; fileRef = 737A193721D96E2C00AAD103 /* CollectionViewHandler.swift */; };
		737A193B21D96E4F00AAD103 /* TagsCollectionView.swift in Sources */ = {isa = PBXBuildFile; fileRef = 737A193A21D96E4F00AAD103 /* TagsCollectionView.swift */; };
		737A193D21D96FC100AAD103 /* TriangleView.swift in Sources */ = {isa = PBXBuildFile; fileRef = 737A193C21D96FC100AAD103 /* TriangleView.swift */; };
		737A194021D9703F00AAD103 /* TagCollectionViewCell.swift in Sources */ = {isa = PBXBuildFile; fileRef = 737A193F21D9703F00AAD103 /* TagCollectionViewCell.swift */; };
		737A194221D973E000AAD103 /* UICollectionViewLayoutAttributes.swift in Sources */ = {isa = PBXBuildFile; fileRef = 737A194121D973E000AAD103 /* UICollectionViewLayoutAttributes.swift */; };
		737A194421D9740400AAD103 /* UICollectionViewLeftAlignedLayout.swift in Sources */ = {isa = PBXBuildFile; fileRef = 737A194321D9740400AAD103 /* UICollectionViewLeftAlignedLayout.swift */; };
		73849B312315C19200C3434A /* ArticleTests.swift in Sources */ = {isa = PBXBuildFile; fileRef = 73849B302315C19200C3434A /* ArticleTests.swift */; };
		73A2431521DA5640001D1104 /* CellBuilder.swift in Sources */ = {isa = PBXBuildFile; fileRef = 73A2431421DA5640001D1104 /* CellBuilder.swift */; };
		73A2431721DA6B55001D1104 /* TagCellBuilder.swift in Sources */ = {isa = PBXBuildFile; fileRef = 73A2431621DA6B55001D1104 /* TagCellBuilder.swift */; };
		73A2431921DA8FB6001D1104 /* UILabelExtension.swift in Sources */ = {isa = PBXBuildFile; fileRef = 73A2431821DA8FB6001D1104 /* UILabelExtension.swift */; };
		73A2431B21DADD22001D1104 /* StringExtension.swift in Sources */ = {isa = PBXBuildFile; fileRef = 73A2431A21DADD22001D1104 /* StringExtension.swift */; };
		73A2431E21DBF679001D1104 /* ArticlesLoader.swift in Sources */ = {isa = PBXBuildFile; fileRef = 73A2431D21DBF679001D1104 /* ArticlesLoader.swift */; };
		73D2983021D8BE4D009E4925 /* RowBuilder.swift in Sources */ = {isa = PBXBuildFile; fileRef = 73D2982F21D8BE4D009E4925 /* RowBuilder.swift */; };
		73D2983421D8BEDE009E4925 /* NSObjectExtension.swift in Sources */ = {isa = PBXBuildFile; fileRef = 73D2983321D8BEDE009E4925 /* NSObjectExtension.swift */; };
		73D2983721D8BF0C009E4925 /* OptionalExtension.swift in Sources */ = {isa = PBXBuildFile; fileRef = 73D2983621D8BF0C009E4925 /* OptionalExtension.swift */; };
		73D2983921D8BF23009E4925 /* UIViewControllerExtension.swift in Sources */ = {isa = PBXBuildFile; fileRef = 73D2983821D8BF23009E4925 /* UIViewControllerExtension.swift */; };
		73D2983C21D8CBFB009E4925 /* ArticlesResponse.swift in Sources */ = {isa = PBXBuildFile; fileRef = 73D2983B21D8CBFB009E4925 /* ArticlesResponse.swift */; };
		73D2983E21D8CE87009E4925 /* ArticleFields.swift in Sources */ = {isa = PBXBuildFile; fileRef = 73D2983D21D8CE87009E4925 /* ArticleFields.swift */; };
		832A8D53247DB36D00D1243E /* Environment.swift in Sources */ = {isa = PBXBuildFile; fileRef = 832A8D52247DB36D00D1243E /* Environment.swift */; };
		83632729245F80ED000C345E /* Kingfisher in Frameworks */ = {isa = PBXBuildFile; productRef = 83632728245F80ED000C345E /* Kingfisher */; };
/* End PBXBuildFile section */

/* Begin PBXContainerItemProxy section */
		73849B332315C19200C3434A /* PBXContainerItemProxy */ = {
			isa = PBXContainerItemProxy;
			containerPortal = 734EE91521D81BD20030535D /* Project object */;
			proxyType = 1;
			remoteGlobalIDString = 734EE91C21D81BD20030535D;
			remoteInfo = "The Guardian";
		};
/* End PBXContainerItemProxy section */

/* Begin PBXFileReference section */
		2741EE3540E3F2138E1DF69A /* Pods-The Guardian.debug.xcconfig */ = {isa = PBXFileReference; includeInIndex = 1; lastKnownFileType = text.xcconfig; name = "Pods-The Guardian.debug.xcconfig"; path = "Pods/Target Support Files/Pods-The Guardian/Pods-The Guardian.debug.xcconfig"; sourceTree = "<group>"; };
		69B8A56170E0BD31AF525EC7 /* Pods-The Guardian.release.xcconfig */ = {isa = PBXFileReference; includeInIndex = 1; lastKnownFileType = text.xcconfig; name = "Pods-The Guardian.release.xcconfig"; path = "Pods/Target Support Files/Pods-The Guardian/Pods-The Guardian.release.xcconfig"; sourceTree = "<group>"; };
		731DF05521D8EC4700AE560A /* Marat Sans DemiBold Italic.otf */ = {isa = PBXFileReference; lastKnownFileType = file; path = "Marat Sans DemiBold Italic.otf"; sourceTree = "<group>"; };
		731DF05621D8EC4700AE560A /* Marat Sans Italic.otf */ = {isa = PBXFileReference; lastKnownFileType = file; path = "Marat Sans Italic.otf"; sourceTree = "<group>"; };
		731DF05721D8EC4700AE560A /* Marat Sans Thin.otf */ = {isa = PBXFileReference; lastKnownFileType = file; path = "Marat Sans Thin.otf"; sourceTree = "<group>"; };
		731DF05821D8EC4700AE560A /* Marat Sans Light.otf */ = {isa = PBXFileReference; lastKnownFileType = file; path = "Marat Sans Light.otf"; sourceTree = "<group>"; };
		731DF05921D8EC4700AE560A /* Marat Sans ExtraLight.otf */ = {isa = PBXFileReference; lastKnownFileType = file; path = "Marat Sans ExtraLight.otf"; sourceTree = "<group>"; };
		731DF05A21D8EC4700AE560A /* Marat Sans Light Italic.otf */ = {isa = PBXFileReference; lastKnownFileType = file; path = "Marat Sans Light Italic.otf"; sourceTree = "<group>"; };
		731DF05B21D8EC4700AE560A /* Marat Sans DemiBold.otf */ = {isa = PBXFileReference; lastKnownFileType = file; path = "Marat Sans DemiBold.otf"; sourceTree = "<group>"; };
		731DF05C21D8EC4700AE560A /* Marat Sans ExtraBold Italic.otf */ = {isa = PBXFileReference; lastKnownFileType = file; path = "Marat Sans ExtraBold Italic.otf"; sourceTree = "<group>"; };
		731DF05D21D8EC4700AE560A /* Marat Sans Bold.otf */ = {isa = PBXFileReference; lastKnownFileType = file; path = "Marat Sans Bold.otf"; sourceTree = "<group>"; };
		731DF05E21D8EC4700AE560A /* Marat Sans Medium.otf */ = {isa = PBXFileReference; lastKnownFileType = file; path = "Marat Sans Medium.otf"; sourceTree = "<group>"; };
		731DF05F21D8EC4700AE560A /* Marat Sans Medium Italic.otf */ = {isa = PBXFileReference; lastKnownFileType = file; path = "Marat Sans Medium Italic.otf"; sourceTree = "<group>"; };
		731DF06021D8EC4700AE560A /* Marat Sans Black.otf */ = {isa = PBXFileReference; lastKnownFileType = file; path = "Marat Sans Black.otf"; sourceTree = "<group>"; };
		731DF06121D8EC4800AE560A /* Marat Sans Bold Italic.otf */ = {isa = PBXFileReference; lastKnownFileType = file; path = "Marat Sans Bold Italic.otf"; sourceTree = "<group>"; };
		731DF06221D8EC4800AE560A /* Marat Sans Thin Italic.otf */ = {isa = PBXFileReference; lastKnownFileType = file; path = "Marat Sans Thin Italic.otf"; sourceTree = "<group>"; };
		731DF06321D8EC4800AE560A /* Marat Sans ExtraBold.otf */ = {isa = PBXFileReference; lastKnownFileType = file; path = "Marat Sans ExtraBold.otf"; sourceTree = "<group>"; };
		731DF06421D8EC4800AE560A /* Marat Sans ExtraLight Italic.otf */ = {isa = PBXFileReference; lastKnownFileType = file; path = "Marat Sans ExtraLight Italic.otf"; sourceTree = "<group>"; };
		731DF06521D8EC4800AE560A /* Marat Sans Regular.otf */ = {isa = PBXFileReference; lastKnownFileType = file; path = "Marat Sans Regular.otf"; sourceTree = "<group>"; };
		731DF06621D8EC4800AE560A /* Marat Sans Black Italic.otf */ = {isa = PBXFileReference; lastKnownFileType = file; path = "Marat Sans Black Italic.otf"; sourceTree = "<group>"; };
		731DF07921D8F4A100AE560A /* DateFormatterExtension.swift */ = {isa = PBXFileReference; lastKnownFileType = sourcecode.swift; path = DateFormatterExtension.swift; sourceTree = "<group>"; };
		734EE91D21D81BD20030535D /* The Guardian.app */ = {isa = PBXFileReference; explicitFileType = wrapper.application; includeInIndex = 0; path = "The Guardian.app"; sourceTree = BUILT_PRODUCTS_DIR; };
		734EE92021D81BD20030535D /* AppDelegate.swift */ = {isa = PBXFileReference; lastKnownFileType = sourcecode.swift; path = AppDelegate.swift; sourceTree = "<group>"; };
		734EE92521D81BD20030535D /* Base */ = {isa = PBXFileReference; lastKnownFileType = file.storyboard; name = Base; path = Base.lproj/Main.storyboard; sourceTree = "<group>"; };
		734EE92721D81BD30030535D /* Assets.xcassets */ = {isa = PBXFileReference; lastKnownFileType = folder.assetcatalog; path = Assets.xcassets; sourceTree = "<group>"; };
		734EE92A21D81BD30030535D /* Base */ = {isa = PBXFileReference; lastKnownFileType = file.storyboard; name = Base; path = Base.lproj/LaunchScreen.storyboard; sourceTree = "<group>"; };
		734EE92C21D81BD30030535D /* Info.plist */ = {isa = PBXFileReference; lastKnownFileType = text.plist.xml; path = Info.plist; sourceTree = "<group>"; };
		734EE93F21D81E350030535D /* APIClient.swift */ = {isa = PBXFileReference; lastKnownFileType = sourcecode.swift; path = APIClient.swift; sourceTree = "<group>"; };
		734EE94321D81EBC0030535D /* Either.swift */ = {isa = PBXFileReference; lastKnownFileType = sourcecode.swift; path = Either.swift; sourceTree = "<group>"; };
		734EE94721D821FA0030535D /* Endpoint.swift */ = {isa = PBXFileReference; lastKnownFileType = sourcecode.swift; path = Endpoint.swift; sourceTree = "<group>"; };
		734EE94921D822550030535D /* HTTPMethod.swift */ = {isa = PBXFileReference; lastKnownFileType = sourcecode.swift; path = HTTPMethod.swift; sourceTree = "<group>"; };
		734EE94C21D823C80030535D /* APIError.swift */ = {isa = PBXFileReference; lastKnownFileType = sourcecode.swift; path = APIError.swift; sourceTree = "<group>"; };
		734EE95021D824970030535D /* ArticlesEndpoint.swift */ = {isa = PBXFileReference; lastKnownFileType = sourcecode.swift; path = ArticlesEndpoint.swift; sourceTree = "<group>"; };
		734EE95221D83DB70030535D /* ArticlesViewController.swift */ = {isa = PBXFileReference; lastKnownFileType = sourcecode.swift; path = ArticlesViewController.swift; sourceTree = "<group>"; };
		734EE95421D83DE10030535D /* ObjectArticle.swift */ = {isa = PBXFileReference; lastKnownFileType = sourcecode.swift; path = ObjectArticle.swift; sourceTree = "<group>"; };
		734EE95721D83ECC0030535D /* ArticleTableViewCell.swift */ = {isa = PBXFileReference; lastKnownFileType = sourcecode.swift; path = ArticleTableViewCell.swift; sourceTree = "<group>"; };
		734EE95E21D840BF0030535D /* TableViewHandler.swift */ = {isa = PBXFileReference; lastKnownFileType = sourcecode.swift; path = TableViewHandler.swift; sourceTree = "<group>"; };
		734EE96221D8450C0030535D /* ArticleCellBuilder.swift */ = {isa = PBXFileReference; lastKnownFileType = sourcecode.swift; path = ArticleCellBuilder.swift; sourceTree = "<group>"; };
		737A193221D8FD7F00AAD103 /* UIImageViewExtension.swift */ = {isa = PBXFileReference; lastKnownFileType = sourcecode.swift; path = UIImageViewExtension.swift; sourceTree = "<group>"; };
		737A193521D9549200AAD103 /* ArticleDetailsViewController.swift */ = {isa = PBXFileReference; lastKnownFileType = sourcecode.swift; path = ArticleDetailsViewController.swift; sourceTree = "<group>"; };
		737A193721D96E2C00AAD103 /* CollectionViewHandler.swift */ = {isa = PBXFileReference; lastKnownFileType = sourcecode.swift; path = CollectionViewHandler.swift; sourceTree = "<group>"; };
		737A193A21D96E4F00AAD103 /* TagsCollectionView.swift */ = {isa = PBXFileReference; lastKnownFileType = sourcecode.swift; path = TagsCollectionView.swift; sourceTree = "<group>"; };
		737A193C21D96FC100AAD103 /* TriangleView.swift */ = {isa = PBXFileReference; lastKnownFileType = sourcecode.swift; path = TriangleView.swift; sourceTree = "<group>"; };
		737A193F21D9703F00AAD103 /* TagCollectionViewCell.swift */ = {isa = PBXFileReference; lastKnownFileType = sourcecode.swift; path = TagCollectionViewCell.swift; sourceTree = "<group>"; };
		737A194121D973E000AAD103 /* UICollectionViewLayoutAttributes.swift */ = {isa = PBXFileReference; lastKnownFileType = sourcecode.swift; path = UICollectionViewLayoutAttributes.swift; sourceTree = "<group>"; };
		737A194321D9740400AAD103 /* UICollectionViewLeftAlignedLayout.swift */ = {isa = PBXFileReference; lastKnownFileType = sourcecode.swift; path = UICollectionViewLeftAlignedLayout.swift; sourceTree = "<group>"; };
		73849B2E2315C19100C3434A /* ArticleTests.xctest */ = {isa = PBXFileReference; explicitFileType = wrapper.cfbundle; includeInIndex = 0; path = ArticleTests.xctest; sourceTree = BUILT_PRODUCTS_DIR; };
		73849B302315C19200C3434A /* ArticleTests.swift */ = {isa = PBXFileReference; lastKnownFileType = sourcecode.swift; path = ArticleTests.swift; sourceTree = "<group>"; };
		73849B322315C19200C3434A /* Info.plist */ = {isa = PBXFileReference; lastKnownFileType = text.plist.xml; path = Info.plist; sourceTree = "<group>"; };
		73A2431421DA5640001D1104 /* CellBuilder.swift */ = {isa = PBXFileReference; lastKnownFileType = sourcecode.swift; path = CellBuilder.swift; sourceTree = "<group>"; };
		73A2431621DA6B55001D1104 /* TagCellBuilder.swift */ = {isa = PBXFileReference; lastKnownFileType = sourcecode.swift; path = TagCellBuilder.swift; sourceTree = "<group>"; };
		73A2431821DA8FB6001D1104 /* UILabelExtension.swift */ = {isa = PBXFileReference; lastKnownFileType = sourcecode.swift; path = UILabelExtension.swift; sourceTree = "<group>"; };
		73A2431A21DADD22001D1104 /* StringExtension.swift */ = {isa = PBXFileReference; lastKnownFileType = sourcecode.swift; path = StringExtension.swift; sourceTree = "<group>"; };
		73A2431D21DBF679001D1104 /* ArticlesLoader.swift */ = {isa = PBXFileReference; lastKnownFileType = sourcecode.swift; path = ArticlesLoader.swift; sourceTree = "<group>"; };
		73D2982F21D8BE4D009E4925 /* RowBuilder.swift */ = {isa = PBXFileReference; lastKnownFileType = sourcecode.swift; path = RowBuilder.swift; sourceTree = "<group>"; };
		73D2983321D8BEDE009E4925 /* NSObjectExtension.swift */ = {isa = PBXFileReference; lastKnownFileType = sourcecode.swift; path = NSObjectExtension.swift; sourceTree = "<group>"; };
		73D2983621D8BF0C009E4925 /* OptionalExtension.swift */ = {isa = PBXFileReference; lastKnownFileType = sourcecode.swift; path = OptionalExtension.swift; sourceTree = "<group>"; };
		73D2983821D8BF23009E4925 /* UIViewControllerExtension.swift */ = {isa = PBXFileReference; lastKnownFileType = sourcecode.swift; path = UIViewControllerExtension.swift; sourceTree = "<group>"; };
		73D2983B21D8CBFB009E4925 /* ArticlesResponse.swift */ = {isa = PBXFileReference; lastKnownFileType = sourcecode.swift; path = ArticlesResponse.swift; sourceTree = "<group>"; };
		73D2983D21D8CE87009E4925 /* ArticleFields.swift */ = {isa = PBXFileReference; lastKnownFileType = sourcecode.swift; path = ArticleFields.swift; sourceTree = "<group>"; };
		832A8D52247DB36D00D1243E /* Environment.swift */ = {isa = PBXFileReference; fileEncoding = 4; lastKnownFileType = sourcecode.swift; path = Environment.swift; sourceTree = "<group>"; };
		A8A3CF33A93F698CBAD1C52D /* Pods_The_Guardian.framework */ = {isa = PBXFileReference; explicitFileType = wrapper.framework; includeInIndex = 0; path = Pods_The_Guardian.framework; sourceTree = BUILT_PRODUCTS_DIR; };
/* End PBXFileReference section */

/* Begin PBXFrameworksBuildPhase section */
		734EE91A21D81BD20030535D /* Frameworks */ = {
			isa = PBXFrameworksBuildPhase;
			buildActionMask = 2147483647;
			files = (
				83632729245F80ED000C345E /* Kingfisher in Frameworks */,
				23D0DBBECF4CD9A48588F578 /* Pods_The_Guardian.framework in Frameworks */,
			);
			runOnlyForDeploymentPostprocessing = 0;
		};
		73849B2B2315C19100C3434A /* Frameworks */ = {
			isa = PBXFrameworksBuildPhase;
			buildActionMask = 2147483647;
			files = (
			);
			runOnlyForDeploymentPostprocessing = 0;
		};
/* End PBXFrameworksBuildPhase section */

/* Begin PBXGroup section */
		7244F04B0E87D7D007102AE5 /* Pods */ = {
			isa = PBXGroup;
			children = (
				2741EE3540E3F2138E1DF69A /* Pods-The Guardian.debug.xcconfig */,
				69B8A56170E0BD31AF525EC7 /* Pods-The Guardian.release.xcconfig */,
			);
			name = Pods;
			sourceTree = "<group>";
		};
		731DF05421D8EC3600AE560A /* Fonts */ = {
			isa = PBXGroup;
			children = (
				731DF06621D8EC4800AE560A /* Marat Sans Black Italic.otf */,
				731DF06021D8EC4700AE560A /* Marat Sans Black.otf */,
				731DF06121D8EC4800AE560A /* Marat Sans Bold Italic.otf */,
				731DF05D21D8EC4700AE560A /* Marat Sans Bold.otf */,
				731DF05521D8EC4700AE560A /* Marat Sans DemiBold Italic.otf */,
				731DF05B21D8EC4700AE560A /* Marat Sans DemiBold.otf */,
				731DF05C21D8EC4700AE560A /* Marat Sans ExtraBold Italic.otf */,
				731DF06321D8EC4800AE560A /* Marat Sans ExtraBold.otf */,
				731DF06421D8EC4800AE560A /* Marat Sans ExtraLight Italic.otf */,
				731DF05921D8EC4700AE560A /* Marat Sans ExtraLight.otf */,
				731DF05621D8EC4700AE560A /* Marat Sans Italic.otf */,
				731DF05A21D8EC4700AE560A /* Marat Sans Light Italic.otf */,
				731DF05821D8EC4700AE560A /* Marat Sans Light.otf */,
				731DF05F21D8EC4700AE560A /* Marat Sans Medium Italic.otf */,
				731DF05E21D8EC4700AE560A /* Marat Sans Medium.otf */,
				731DF06521D8EC4800AE560A /* Marat Sans Regular.otf */,
				731DF06221D8EC4800AE560A /* Marat Sans Thin Italic.otf */,
				731DF05721D8EC4700AE560A /* Marat Sans Thin.otf */,
			);
			path = Fonts;
			sourceTree = "<group>";
		};
		734EE91421D81BD20030535D = {
			isa = PBXGroup;
			children = (
				734EE91F21D81BD20030535D /* The Guardian */,
				73849B2F2315C19200C3434A /* ArticleTests */,
				734EE91E21D81BD20030535D /* Products */,
				7244F04B0E87D7D007102AE5 /* Pods */,
				8362291FA19D34F3C219629D /* Frameworks */,
			);
			sourceTree = "<group>";
		};
		734EE91E21D81BD20030535D /* Products */ = {
			isa = PBXGroup;
			children = (
				734EE91D21D81BD20030535D /* The Guardian.app */,
				73849B2E2315C19100C3434A /* ArticleTests.xctest */,
			);
			name = Products;
			sourceTree = "<group>";
		};
		734EE91F21D81BD20030535D /* The Guardian */ = {
			isa = PBXGroup;
			children = (
				734EE93221D81BE50030535D /* Views */,
				734EE93421D81BF90030535D /* Models */,
				734EE93321D81BF20030535D /* Controllers */,
				734EE93521D81C020030535D /* Application */,
			);
			path = "The Guardian";
			sourceTree = "<group>";
		};
		734EE93221D81BE50030535D /* Views */ = {
			isa = PBXGroup;
			children = (
				737A193E21D9702200AAD103 /* CollectionViewCells */,
				737A193921D96E4000AAD103 /* UIObjects */,
				734EE95621D83EB40030535D /* TableViewCells */,
				734EE93821D81C410030535D /* Storyboards */,
			);
			path = Views;
			sourceTree = "<group>";
		};
		734EE93321D81BF20030535D /* Controllers */ = {
			isa = PBXGroup;
			children = (
				737A193421D9546B00AAD103 /* ViewControllers */,
				734EE96021D843220030535D /* CellBuilder */,
				734EE95D21D83FC40030535D /* ViewHandlers */,
			);
			path = Controllers;
			sourceTree = "<group>";
		};
		734EE93421D81BF90030535D /* Models */ = {
			isa = PBXGroup;
			children = (
				734EE95421D83DE10030535D /* ObjectArticle.swift */,
				73D2983B21D8CBFB009E4925 /* ArticlesResponse.swift */,
				73D2983D21D8CE87009E4925 /* ArticleFields.swift */,
			);
			path = Models;
			sourceTree = "<group>";
		};
		734EE93521D81C020030535D /* Application */ = {
			isa = PBXGroup;
			children = (
				73A2431C21DBF667001D1104 /* DataManagers */,
				73D2983121D8BEC9009E4925 /* Extensions */,
				73D2982E21D8BE30009E4925 /* Protocols */,
				734EE94121D81E4B0030535D /* Enumirations */,
				734EE93E21D81DE70030535D /* Networking */,
				734EE93921D81C580030535D /* Shared Files */,
				734EE93721D81C340030535D /* Settings */,
				734EE93621D81C2C0030535D /* Resources */,
			);
			path = Application;
			sourceTree = "<group>";
		};
		734EE93621D81C2C0030535D /* Resources */ = {
			isa = PBXGroup;
			children = (
				731DF05421D8EC3600AE560A /* Fonts */,
				734EE92721D81BD30030535D /* Assets.xcassets */,
			);
			path = Resources;
			sourceTree = "<group>";
		};
		734EE93721D81C340030535D /* Settings */ = {
			isa = PBXGroup;
			children = (
				734EE92C21D81BD30030535D /* Info.plist */,
			);
			path = Settings;
			sourceTree = "<group>";
		};
		734EE93821D81C410030535D /* Storyboards */ = {
			isa = PBXGroup;
			children = (
				734EE92421D81BD20030535D /* Main.storyboard */,
				734EE92921D81BD30030535D /* LaunchScreen.storyboard */,
			);
			path = Storyboards;
			sourceTree = "<group>";
		};
		734EE93921D81C580030535D /* Shared Files */ = {
			isa = PBXGroup;
			children = (
				832A8D52247DB36D00D1243E /* Environment.swift */,
				734EE92021D81BD20030535D /* AppDelegate.swift */,
			);
			path = "Shared Files";
			sourceTree = "<group>";
		};
		734EE93E21D81DE70030535D /* Networking */ = {
			isa = PBXGroup;
			children = (
				734EE94E21D824290030535D /* Client */,
				734EE94F21D8243E0030535D /* Endpoints */,
			);
			path = Networking;
			sourceTree = "<group>";
		};
		734EE94121D81E4B0030535D /* Enumirations */ = {
			isa = PBXGroup;
			children = (
				734EE94321D81EBC0030535D /* Either.swift */,
				734EE94921D822550030535D /* HTTPMethod.swift */,
				734EE94C21D823C80030535D /* APIError.swift */,
			);
			path = Enumirations;
			sourceTree = "<group>";
		};
		734EE94E21D824290030535D /* Client */ = {
			isa = PBXGroup;
			children = (
				734EE93F21D81E350030535D /* APIClient.swift */,
				734EE94721D821FA0030535D /* Endpoint.swift */,
			);
			path = Client;
			sourceTree = "<group>";
		};
		734EE94F21D8243E0030535D /* Endpoints */ = {
			isa = PBXGroup;
			children = (
				734EE95021D824970030535D /* ArticlesEndpoint.swift */,
			);
			path = Endpoints;
			sourceTree = "<group>";
		};
		734EE95621D83EB40030535D /* TableViewCells */ = {
			isa = PBXGroup;
			children = (
				734EE95721D83ECC0030535D /* ArticleTableViewCell.swift */,
			);
			path = TableViewCells;
			sourceTree = "<group>";
		};
		734EE95D21D83FC40030535D /* ViewHandlers */ = {
			isa = PBXGroup;
			children = (
				734EE95E21D840BF0030535D /* TableViewHandler.swift */,
				737A193721D96E2C00AAD103 /* CollectionViewHandler.swift */,
			);
			path = ViewHandlers;
			sourceTree = "<group>";
		};
		734EE96021D843220030535D /* CellBuilder */ = {
			isa = PBXGroup;
			children = (
				734EE96221D8450C0030535D /* ArticleCellBuilder.swift */,
				73A2431621DA6B55001D1104 /* TagCellBuilder.swift */,
			);
			path = CellBuilder;
			sourceTree = "<group>";
		};
		737A193421D9546B00AAD103 /* ViewControllers */ = {
			isa = PBXGroup;
			children = (
				734EE95221D83DB70030535D /* ArticlesViewController.swift */,
				737A193521D9549200AAD103 /* ArticleDetailsViewController.swift */,
			);
			path = ViewControllers;
			sourceTree = "<group>";
		};
		737A193921D96E4000AAD103 /* UIObjects */ = {
			isa = PBXGroup;
			children = (
				737A193A21D96E4F00AAD103 /* TagsCollectionView.swift */,
				737A193C21D96FC100AAD103 /* TriangleView.swift */,
				737A194321D9740400AAD103 /* UICollectionViewLeftAlignedLayout.swift */,
			);
			path = UIObjects;
			sourceTree = "<group>";
		};
		737A193E21D9702200AAD103 /* CollectionViewCells */ = {
			isa = PBXGroup;
			children = (
				737A193F21D9703F00AAD103 /* TagCollectionViewCell.swift */,
			);
			path = CollectionViewCells;
			sourceTree = "<group>";
		};
		73849B2F2315C19200C3434A /* ArticleTests */ = {
			isa = PBXGroup;
			children = (
				73849B302315C19200C3434A /* ArticleTests.swift */,
				73849B322315C19200C3434A /* Info.plist */,
			);
			path = ArticleTests;
			sourceTree = "<group>";
		};
		73A2431C21DBF667001D1104 /* DataManagers */ = {
			isa = PBXGroup;
			children = (
				73A2431D21DBF679001D1104 /* ArticlesLoader.swift */,
			);
			path = DataManagers;
			sourceTree = "<group>";
		};
		73D2982E21D8BE30009E4925 /* Protocols */ = {
			isa = PBXGroup;
			children = (
				73D2982F21D8BE4D009E4925 /* RowBuilder.swift */,
				73A2431421DA5640001D1104 /* CellBuilder.swift */,
			);
			path = Protocols;
			sourceTree = "<group>";
		};
		73D2983121D8BEC9009E4925 /* Extensions */ = {
			isa = PBXGroup;
			children = (
				73D2983321D8BEDE009E4925 /* NSObjectExtension.swift */,
				73D2983621D8BF0C009E4925 /* OptionalExtension.swift */,
				73D2983821D8BF23009E4925 /* UIViewControllerExtension.swift */,
				731DF07921D8F4A100AE560A /* DateFormatterExtension.swift */,
				737A193221D8FD7F00AAD103 /* UIImageViewExtension.swift */,
				737A194121D973E000AAD103 /* UICollectionViewLayoutAttributes.swift */,
				73A2431821DA8FB6001D1104 /* UILabelExtension.swift */,
				73A2431A21DADD22001D1104 /* StringExtension.swift */,
			);
			path = Extensions;
			sourceTree = "<group>";
		};
		8362291FA19D34F3C219629D /* Frameworks */ = {
			isa = PBXGroup;
			children = (
				A8A3CF33A93F698CBAD1C52D /* Pods_The_Guardian.framework */,
			);
			name = Frameworks;
			sourceTree = "<group>";
		};
/* End PBXGroup section */

/* Begin PBXNativeTarget section */
		734EE91C21D81BD20030535D /* The Guardian */ = {
			isa = PBXNativeTarget;
			buildConfigurationList = 734EE92F21D81BD30030535D /* Build configuration list for PBXNativeTarget "The Guardian" */;
			buildPhases = (
				42905478798481FAC8DCBC25 /* [CP] Check Pods Manifest.lock */,
				734EE91921D81BD20030535D /* Sources */,
				734EE91A21D81BD20030535D /* Frameworks */,
				734EE91B21D81BD20030535D /* Resources */,
			);
			buildRules = (
			);
			dependencies = (
			);
			name = "The Guardian";
			packageProductDependencies = (
				83632728245F80ED000C345E /* Kingfisher */,
			);
			productName = "The Guardian";
			productReference = 734EE91D21D81BD20030535D /* The Guardian.app */;
			productType = "com.apple.product-type.application";
		};
		73849B2D2315C19100C3434A /* ArticleTests */ = {
			isa = PBXNativeTarget;
			buildConfigurationList = 73849B372315C19200C3434A /* Build configuration list for PBXNativeTarget "ArticleTests" */;
			buildPhases = (
				73849B2A2315C19100C3434A /* Sources */,
				73849B2B2315C19100C3434A /* Frameworks */,
				73849B2C2315C19100C3434A /* Resources */,
			);
			buildRules = (
			);
			dependencies = (
				73849B342315C19200C3434A /* PBXTargetDependency */,
			);
			name = ArticleTests;
			productName = ArticleTests;
			productReference = 73849B2E2315C19100C3434A /* ArticleTests.xctest */;
			productType = "com.apple.product-type.bundle.unit-test";
		};
/* End PBXNativeTarget section */

/* Begin PBXProject section */
		734EE91521D81BD20030535D /* Project object */ = {
			isa = PBXProject;
			attributes = {
				LastSwiftUpdateCheck = 1030;
				LastUpgradeCheck = 1010;
				ORGANIZATIONNAME = "Vahagn Gevorgyan";
				TargetAttributes = {
					734EE91C21D81BD20030535D = {
						CreatedOnToolsVersion = 10.1;
					};
					73849B2D2315C19100C3434A = {
						CreatedOnToolsVersion = 10.3;
						TestTargetID = 734EE91C21D81BD20030535D;
					};
				};
			};
			buildConfigurationList = 734EE91821D81BD20030535D /* Build configuration list for PBXProject "The Guardian" */;
			compatibilityVersion = "Xcode 9.3";
			developmentRegion = en;
			hasScannedForEncodings = 0;
			knownRegions = (
				en,
				Base,
			);
			mainGroup = 734EE91421D81BD20030535D;
			packageReferences = (
				83632727245F80ED000C345E /* XCRemoteSwiftPackageReference "Kingfisher" */,
			);
			productRefGroup = 734EE91E21D81BD20030535D /* Products */;
			projectDirPath = "";
			projectRoot = "";
			targets = (
				734EE91C21D81BD20030535D /* The Guardian */,
				73849B2D2315C19100C3434A /* ArticleTests */,
			);
		};
/* End PBXProject section */

/* Begin PBXResourcesBuildPhase section */
		734EE91B21D81BD20030535D /* Resources */ = {
			isa = PBXResourcesBuildPhase;
			buildActionMask = 2147483647;
			files = (
				731DF06C21D8EC7A00AE560A /* Marat Sans DemiBold.otf in Resources */,
				731DF06E21D8EC7A00AE560A /* Marat Sans ExtraBold.otf in Resources */,
				731DF06921D8EC7A00AE560A /* Marat Sans Bold Italic.otf in Resources */,
				731DF06821D8EC7A00AE560A /* Marat Sans Black.otf in Resources */,
				731DF07721D8EC7A00AE560A /* Marat Sans Thin Italic.otf in Resources */,
				734EE92B21D81BD30030535D /* LaunchScreen.storyboard in Resources */,
				731DF07821D8EC7A00AE560A /* Marat Sans Thin.otf in Resources */,
				734EE92821D81BD30030535D /* Assets.xcassets in Resources */,
				734EE92621D81BD20030535D /* Main.storyboard in Resources */,
				731DF06B21D8EC7A00AE560A /* Marat Sans DemiBold Italic.otf in Resources */,
				731DF07121D8EC7A00AE560A /* Marat Sans Italic.otf in Resources */,
				731DF07621D8EC7A00AE560A /* Marat Sans Regular.otf in Resources */,
				731DF07221D8EC7A00AE560A /* Marat Sans Light Italic.otf in Resources */,
				731DF06721D8EC7A00AE560A /* Marat Sans Black Italic.otf in Resources */,
				731DF07521D8EC7A00AE560A /* Marat Sans Medium.otf in Resources */,
				731DF07021D8EC7A00AE560A /* Marat Sans ExtraLight.otf in Resources */,
				731DF07421D8EC7A00AE560A /* Marat Sans Medium Italic.otf in Resources */,
				731DF06A21D8EC7A00AE560A /* Marat Sans Bold.otf in Resources */,
				731DF07321D8EC7A00AE560A /* Marat Sans Light.otf in Resources */,
				731DF06F21D8EC7A00AE560A /* Marat Sans ExtraLight Italic.otf in Resources */,
				731DF06D21D8EC7A00AE560A /* Marat Sans ExtraBold Italic.otf in Resources */,
			);
			runOnlyForDeploymentPostprocessing = 0;
		};
		73849B2C2315C19100C3434A /* Resources */ = {
			isa = PBXResourcesBuildPhase;
			buildActionMask = 2147483647;
			files = (
			);
			runOnlyForDeploymentPostprocessing = 0;
		};
/* End PBXResourcesBuildPhase section */

/* Begin PBXShellScriptBuildPhase section */
		42905478798481FAC8DCBC25 /* [CP] Check Pods Manifest.lock */ = {
			isa = PBXShellScriptBuildPhase;
			buildActionMask = 2147483647;
			files = (
			);
			inputFileListPaths = (
			);
			inputPaths = (
				"${PODS_PODFILE_DIR_PATH}/Podfile.lock",
				"${PODS_ROOT}/Manifest.lock",
			);
			name = "[CP] Check Pods Manifest.lock";
			outputFileListPaths = (
			);
			outputPaths = (
				"$(DERIVED_FILE_DIR)/Pods-The Guardian-checkManifestLockResult.txt",
			);
			runOnlyForDeploymentPostprocessing = 0;
			shellPath = /bin/sh;
			shellScript = "diff \"${PODS_PODFILE_DIR_PATH}/Podfile.lock\" \"${PODS_ROOT}/Manifest.lock\" > /dev/null\nif [ $? != 0 ] ; then\n    # print error to STDERR\n    echo \"error: The sandbox is not in sync with the Podfile.lock. Run 'pod install' or update your CocoaPods installation.\" >&2\n    exit 1\nfi\n# This output is used by Xcode 'outputs' to avoid re-running this script phase.\necho \"SUCCESS\" > \"${SCRIPT_OUTPUT_FILE_0}\"\n";
			showEnvVarsInLog = 0;
		};
/* End PBXShellScriptBuildPhase section */

/* Begin PBXSourcesBuildPhase section */
		734EE91921D81BD20030535D /* Sources */ = {
			isa = PBXSourcesBuildPhase;
			buildActionMask = 2147483647;
			files = (
				734EE94821D821FA0030535D /* Endpoint.swift in Sources */,
				737A193821D96E2C00AAD103 /* CollectionViewHandler.swift in Sources */,
				73D2983421D8BEDE009E4925 /* NSObjectExtension.swift in Sources */,
				731DF07A21D8F4A100AE560A /* DateFormatterExtension.swift in Sources */,
				73A2431B21DADD22001D1104 /* StringExtension.swift in Sources */,
				73A2431E21DBF679001D1104 /* ArticlesLoader.swift in Sources */,
				734EE92121D81BD20030535D /* AppDelegate.swift in Sources */,
				73A2431521DA5640001D1104 /* CellBuilder.swift in Sources */,
				734EE95F21D840BF0030535D /* TableViewHandler.swift in Sources */,
				737A194221D973E000AAD103 /* UICollectionViewLayoutAttributes.swift in Sources */,
				73D2983921D8BF23009E4925 /* UIViewControllerExtension.swift in Sources */,
				73D2983E21D8CE87009E4925 /* ArticleFields.swift in Sources */,
				737A193321D8FD7F00AAD103 /* UIImageViewExtension.swift in Sources */,
				73D2983721D8BF0C009E4925 /* OptionalExtension.swift in Sources */,
				734EE95321D83DB70030535D /* ArticlesViewController.swift in Sources */,
				73D2983C21D8CBFB009E4925 /* ArticlesResponse.swift in Sources */,
				73D2983021D8BE4D009E4925 /* RowBuilder.swift in Sources */,
				734EE96321D8450C0030535D /* ArticleCellBuilder.swift in Sources */,
				737A193621D9549200AAD103 /* ArticleDetailsViewController.swift in Sources */,
				734EE95121D824970030535D /* ArticlesEndpoint.swift in Sources */,
				737A194021D9703F00AAD103 /* TagCollectionViewCell.swift in Sources */,
				737A193B21D96E4F00AAD103 /* TagsCollectionView.swift in Sources */,
				737A194421D9740400AAD103 /* UICollectionViewLeftAlignedLayout.swift in Sources */,
				832A8D53247DB36D00D1243E /* Environment.swift in Sources */,
				73A2431721DA6B55001D1104 /* TagCellBuilder.swift in Sources */,
				734EE95821D83ECC0030535D /* ArticleTableViewCell.swift in Sources */,
				734EE94A21D822550030535D /* HTTPMethod.swift in Sources */,
				737A193D21D96FC100AAD103 /* TriangleView.swift in Sources */,
				734EE94D21D823C80030535D /* APIError.swift in Sources */,
				734EE94021D81E350030535D /* APIClient.swift in Sources */,
				73A2431921DA8FB6001D1104 /* UILabelExtension.swift in Sources */,
				734EE94421D81EBC0030535D /* Either.swift in Sources */,
				734EE95521D83DE10030535D /* ObjectArticle.swift in Sources */,
			);
			runOnlyForDeploymentPostprocessing = 0;
		};
		73849B2A2315C19100C3434A /* Sources */ = {
			isa = PBXSourcesBuildPhase;
			buildActionMask = 2147483647;
			files = (
				73849B312315C19200C3434A /* ArticleTests.swift in Sources */,
			);
			runOnlyForDeploymentPostprocessing = 0;
		};
/* End PBXSourcesBuildPhase section */

/* Begin PBXTargetDependency section */
		73849B342315C19200C3434A /* PBXTargetDependency */ = {
			isa = PBXTargetDependency;
			target = 734EE91C21D81BD20030535D /* The Guardian */;
			targetProxy = 73849B332315C19200C3434A /* PBXContainerItemProxy */;
		};
/* End PBXTargetDependency section */

/* Begin PBXVariantGroup section */
		734EE92421D81BD20030535D /* Main.storyboard */ = {
			isa = PBXVariantGroup;
			children = (
				734EE92521D81BD20030535D /* Base */,
			);
			name = Main.storyboard;
			sourceTree = "<group>";
		};
		734EE92921D81BD30030535D /* LaunchScreen.storyboard */ = {
			isa = PBXVariantGroup;
			children = (
				734EE92A21D81BD30030535D /* Base */,
			);
			name = LaunchScreen.storyboard;
			sourceTree = "<group>";
		};
/* End PBXVariantGroup section */

/* Begin XCBuildConfiguration section */
		734EE92D21D81BD30030535D /* Debug */ = {
			isa = XCBuildConfiguration;
			buildSettings = {
				ALWAYS_SEARCH_USER_PATHS = NO;
				CLANG_ANALYZER_NONNULL = YES;
				CLANG_ANALYZER_NUMBER_OBJECT_CONVERSION = YES_AGGRESSIVE;
				CLANG_CXX_LANGUAGE_STANDARD = "gnu++14";
				CLANG_CXX_LIBRARY = "libc++";
				CLANG_ENABLE_MODULES = YES;
				CLANG_ENABLE_OBJC_ARC = YES;
				CLANG_ENABLE_OBJC_WEAK = YES;
				CLANG_WARN_BLOCK_CAPTURE_AUTORELEASING = YES;
				CLANG_WARN_BOOL_CONVERSION = YES;
				CLANG_WARN_COMMA = YES;
				CLANG_WARN_CONSTANT_CONVERSION = YES;
				CLANG_WARN_DEPRECATED_OBJC_IMPLEMENTATIONS = YES;
				CLANG_WARN_DIRECT_OBJC_ISA_USAGE = YES_ERROR;
				CLANG_WARN_DOCUMENTATION_COMMENTS = YES;
				CLANG_WARN_EMPTY_BODY = YES;
				CLANG_WARN_ENUM_CONVERSION = YES;
				CLANG_WARN_INFINITE_RECURSION = YES;
				CLANG_WARN_INT_CONVERSION = YES;
				CLANG_WARN_NON_LITERAL_NULL_CONVERSION = YES;
				CLANG_WARN_OBJC_IMPLICIT_RETAIN_SELF = YES;
				CLANG_WARN_OBJC_LITERAL_CONVERSION = YES;
				CLANG_WARN_OBJC_ROOT_CLASS = YES_ERROR;
				CLANG_WARN_RANGE_LOOP_ANALYSIS = YES;
				CLANG_WARN_STRICT_PROTOTYPES = YES;
				CLANG_WARN_SUSPICIOUS_MOVE = YES;
				CLANG_WARN_UNGUARDED_AVAILABILITY = YES_AGGRESSIVE;
				CLANG_WARN_UNREACHABLE_CODE = YES;
				CLANG_WARN__DUPLICATE_METHOD_MATCH = YES;
				CODE_SIGN_IDENTITY = "iPhone Developer";
				COPY_PHASE_STRIP = NO;
				DEBUG_INFORMATION_FORMAT = dwarf;
				ENABLE_STRICT_OBJC_MSGSEND = YES;
				ENABLE_TESTABILITY = YES;
				GCC_C_LANGUAGE_STANDARD = gnu11;
				GCC_DYNAMIC_NO_PIC = NO;
				GCC_NO_COMMON_BLOCKS = YES;
				GCC_OPTIMIZATION_LEVEL = 0;
				GCC_PREPROCESSOR_DEFINITIONS = (
					"DEBUG=1",
					"$(inherited)",
				);
				GCC_WARN_64_TO_32_BIT_CONVERSION = YES;
				GCC_WARN_ABOUT_RETURN_TYPE = YES_ERROR;
				GCC_WARN_UNDECLARED_SELECTOR = YES;
				GCC_WARN_UNINITIALIZED_AUTOS = YES_AGGRESSIVE;
				GCC_WARN_UNUSED_FUNCTION = YES;
				GCC_WARN_UNUSED_VARIABLE = YES;
				IPHONEOS_DEPLOYMENT_TARGET = 12.1;
				MTL_ENABLE_DEBUG_INFO = INCLUDE_SOURCE;
				MTL_FAST_MATH = YES;
				ONLY_ACTIVE_ARCH = YES;
				SDKROOT = iphoneos;
				SWIFT_ACTIVE_COMPILATION_CONDITIONS = DEBUG;
				SWIFT_OPTIMIZATION_LEVEL = "-Onone";
			};
			name = Debug;
		};
		734EE92E21D81BD30030535D /* Release */ = {
			isa = XCBuildConfiguration;
			buildSettings = {
				ALWAYS_SEARCH_USER_PATHS = NO;
				CLANG_ANALYZER_NONNULL = YES;
				CLANG_ANALYZER_NUMBER_OBJECT_CONVERSION = YES_AGGRESSIVE;
				CLANG_CXX_LANGUAGE_STANDARD = "gnu++14";
				CLANG_CXX_LIBRARY = "libc++";
				CLANG_ENABLE_MODULES = YES;
				CLANG_ENABLE_OBJC_ARC = YES;
				CLANG_ENABLE_OBJC_WEAK = YES;
				CLANG_WARN_BLOCK_CAPTURE_AUTORELEASING = YES;
				CLANG_WARN_BOOL_CONVERSION = YES;
				CLANG_WARN_COMMA = YES;
				CLANG_WARN_CONSTANT_CONVERSION = YES;
				CLANG_WARN_DEPRECATED_OBJC_IMPLEMENTATIONS = YES;
				CLANG_WARN_DIRECT_OBJC_ISA_USAGE = YES_ERROR;
				CLANG_WARN_DOCUMENTATION_COMMENTS = YES;
				CLANG_WARN_EMPTY_BODY = YES;
				CLANG_WARN_ENUM_CONVERSION = YES;
				CLANG_WARN_INFINITE_RECURSION = YES;
				CLANG_WARN_INT_CONVERSION = YES;
				CLANG_WARN_NON_LITERAL_NULL_CONVERSION = YES;
				CLANG_WARN_OBJC_IMPLICIT_RETAIN_SELF = YES;
				CLANG_WARN_OBJC_LITERAL_CONVERSION = YES;
				CLANG_WARN_OBJC_ROOT_CLASS = YES_ERROR;
				CLANG_WARN_RANGE_LOOP_ANALYSIS = YES;
				CLANG_WARN_STRICT_PROTOTYPES = YES;
				CLANG_WARN_SUSPICIOUS_MOVE = YES;
				CLANG_WARN_UNGUARDED_AVAILABILITY = YES_AGGRESSIVE;
				CLANG_WARN_UNREACHABLE_CODE = YES;
				CLANG_WARN__DUPLICATE_METHOD_MATCH = YES;
				CODE_SIGN_IDENTITY = "iPhone Developer";
				COPY_PHASE_STRIP = NO;
				DEBUG_INFORMATION_FORMAT = "dwarf-with-dsym";
				ENABLE_NS_ASSERTIONS = NO;
				ENABLE_STRICT_OBJC_MSGSEND = YES;
				GCC_C_LANGUAGE_STANDARD = gnu11;
				GCC_NO_COMMON_BLOCKS = YES;
				GCC_WARN_64_TO_32_BIT_CONVERSION = YES;
				GCC_WARN_ABOUT_RETURN_TYPE = YES_ERROR;
				GCC_WARN_UNDECLARED_SELECTOR = YES;
				GCC_WARN_UNINITIALIZED_AUTOS = YES_AGGRESSIVE;
				GCC_WARN_UNUSED_FUNCTION = YES;
				GCC_WARN_UNUSED_VARIABLE = YES;
				IPHONEOS_DEPLOYMENT_TARGET = 12.1;
				MTL_ENABLE_DEBUG_INFO = NO;
				MTL_FAST_MATH = YES;
				SDKROOT = iphoneos;
				SWIFT_COMPILATION_MODE = wholemodule;
				SWIFT_OPTIMIZATION_LEVEL = "-O";
				VALIDATE_PRODUCT = YES;
			};
			name = Release;
		};
		734EE93021D81BD30030535D /* Debug */ = {
			isa = XCBuildConfiguration;
			baseConfigurationReference = 2741EE3540E3F2138E1DF69A /* Pods-The Guardian.debug.xcconfig */;
			buildSettings = {
				ASSETCATALOG_COMPILER_APPICON_NAME = AppIcon;
				CODE_SIGN_STYLE = Automatic;
				DEVELOPMENT_TEAM = KZX3Z39GYL;
				INFOPLIST_FILE = "$(SRCROOT)/The Guardian/Application/Settings/Info.plist";
				IPHONEOS_DEPLOYMENT_TARGET = 12.0;
				LD_RUNPATH_SEARCH_PATHS = (
					"$(inherited)",
					"@executable_path/Frameworks",
				);
				PRODUCT_BUNDLE_IDENTIFIER = lightstudio.article;
				PRODUCT_NAME = "$(TARGET_NAME)";
				SWIFT_VERSION = 5.0;
				TARGETED_DEVICE_FAMILY = 1;
			};
			name = Debug;
		};
		734EE93121D81BD30030535D /* Release */ = {
			isa = XCBuildConfiguration;
			baseConfigurationReference = 69B8A56170E0BD31AF525EC7 /* Pods-The Guardian.release.xcconfig */;
			buildSettings = {
				ASSETCATALOG_COMPILER_APPICON_NAME = AppIcon;
				CODE_SIGN_STYLE = Automatic;
				DEVELOPMENT_TEAM = KZX3Z39GYL;
				INFOPLIST_FILE = "$(SRCROOT)/The Guardian/Application/Settings/Info.plist";
				IPHONEOS_DEPLOYMENT_TARGET = 12.0;
				LD_RUNPATH_SEARCH_PATHS = (
					"$(inherited)",
					"@executable_path/Frameworks",
				);
				PRODUCT_BUNDLE_IDENTIFIER = lightstudio.article;
				PRODUCT_NAME = "$(TARGET_NAME)";
				SWIFT_VERSION = 5.0;
				TARGETED_DEVICE_FAMILY = 1;
			};
			name = Release;
		};
		73849B352315C19200C3434A /* Debug */ = {
			isa = XCBuildConfiguration;
			buildSettings = {
				BUNDLE_LOADER = "$(TEST_HOST)";
				CODE_SIGN_STYLE = Automatic;
				DEVELOPMENT_TEAM = KZX3Z39GYL;
				INFOPLIST_FILE = ArticleTests/Info.plist;
				IPHONEOS_DEPLOYMENT_TARGET = 12.4;
				LD_RUNPATH_SEARCH_PATHS = (
					"$(inherited)",
					"@executable_path/Frameworks",
					"@loader_path/Frameworks",
				);
				PRODUCT_BUNDLE_IDENTIFIER = lightstudio.ArticleTests;
				PRODUCT_NAME = "$(TARGET_NAME)";
				SWIFT_VERSION = 5.0;
				TARGETED_DEVICE_FAMILY = "1,2";
				TEST_HOST = "$(BUILT_PRODUCTS_DIR)/The Guardian.app/The Guardian";
			};
			name = Debug;
		};
		73849B362315C19200C3434A /* Release */ = {
			isa = XCBuildConfiguration;
			buildSettings = {
				BUNDLE_LOADER = "$(TEST_HOST)";
				CODE_SIGN_STYLE = Automatic;
				DEVELOPMENT_TEAM = KZX3Z39GYL;
				INFOPLIST_FILE = ArticleTests/Info.plist;
				IPHONEOS_DEPLOYMENT_TARGET = 12.4;
				LD_RUNPATH_SEARCH_PATHS = (
					"$(inherited)",
					"@executable_path/Frameworks",
					"@loader_path/Frameworks",
				);
				PRODUCT_BUNDLE_IDENTIFIER = lightstudio.ArticleTests;
				PRODUCT_NAME = "$(TARGET_NAME)";
				SWIFT_VERSION = 5.0;
				TARGETED_DEVICE_FAMILY = "1,2";
				TEST_HOST = "$(BUILT_PRODUCTS_DIR)/The Guardian.app/The Guardian";
			};
			name = Release;
		};
/* End XCBuildConfiguration section */

/* Begin XCConfigurationList section */
		734EE91821D81BD20030535D /* Build configuration list for PBXProject "The Guardian" */ = {
			isa = XCConfigurationList;
			buildConfigurations = (
				734EE92D21D81BD30030535D /* Debug */,
				734EE92E21D81BD30030535D /* Release */,
			);
			defaultConfigurationIsVisible = 0;
			defaultConfigurationName = Release;
		};
		734EE92F21D81BD30030535D /* Build configuration list for PBXNativeTarget "The Guardian" */ = {
			isa = XCConfigurationList;
			buildConfigurations = (
				734EE93021D81BD30030535D /* Debug */,
				734EE93121D81BD30030535D /* Release */,
			);
			defaultConfigurationIsVisible = 0;
			defaultConfigurationName = Release;
		};
		73849B372315C19200C3434A /* Build configuration list for PBXNativeTarget "ArticleTests" */ = {
			isa = XCConfigurationList;
			buildConfigurations = (
				73849B352315C19200C3434A /* Debug */,
				73849B362315C19200C3434A /* Release */,
			);
			defaultConfigurationIsVisible = 0;
			defaultConfigurationName = Release;
		};
/* End XCConfigurationList section */

/* Begin XCRemoteSwiftPackageReference section */
		83632727245F80ED000C345E /* XCRemoteSwiftPackageReference "Kingfisher" */ = {
			isa = XCRemoteSwiftPackageReference;
			repositoryURL = "https://github.com/onevcat/Kingfisher.git";
			requirement = {
				kind = upToNextMajorVersion;
				minimumVersion = 5.13.4;
			};
		};
/* End XCRemoteSwiftPackageReference section */

/* Begin XCSwiftPackageProductDependency section */
		83632728245F80ED000C345E /* Kingfisher */ = {
			isa = XCSwiftPackageProductDependency;
			package = 83632727245F80ED000C345E /* XCRemoteSwiftPackageReference "Kingfisher" */;
			productName = Kingfisher;
		};
/* End XCSwiftPackageProductDependency section */
	};
	rootObject = 734EE91521D81BD20030535D /* Project object */;
}
